
Microsoft Visual Studio Solution File, Format Version 12.00
# Visual Studio Version 17
VisualStudioVersion = 17.10.35013.160
MinimumVisualStudioVersion = 10.0.40219.1
Project("{9A19103F-16F7-4668-BE54-9A1E7A4F7556}") = "lesson1", "lesson1\lesson1.csproj", "{F4BB0001-B476-481B-AC86-2B805C6E0D3B}"
EndProject
Global
	GlobalSection(SolutionConfigurationPlatforms) = preSolution
		Debug|Any CPU = Debug|Any CPU
		Release|Any CPU = Release|Any CPU
	EndGlobalSection
	GlobalSection(ProjectConfigurationPlatforms) = postSolution
		{F4BB0001-B476-481B-AC86-2B805C6E0D3B}.Debug|Any CPU.ActiveCfg = Debug|Any CPU
		{F4BB0001-B476-481B-AC86-2B805C6E0D3B}.Debug|Any CPU.Build.0 = Debug|Any CPU
		{F4BB0001-B476-481B-AC86-2B805C6E0D3B}.Release|Any CPU.ActiveCfg = Release|Any CPU
		{F4BB0001-B476-481B-AC86-2B805C6E0D3B}.Release|Any CPU.Build.0 = Release|Any CPU
	EndGlobalSection
	GlobalSection(SolutionProperties) = preSolution
		HideSolutionNode = FALSE
	EndGlobalSection
	GlobalSection(ExtensibilityGlobals) = postSolution
		SolutionGuid = {CFBB9D55-DBE5-45F4-8C71-397C6890F179}
	EndGlobalSection
EndGlobal
